github.com/bennicholls/reximage v1.0.0 h1:mUxpn3kgV9O3z75skhyNsba+YIkyC96BYaiTOmjYcSU=
github.com/bennicholls/reximage v1.0.0/go.mod h1:DTMD6S0BZNH9fpI1VGG+cNQF3j1bdjXE1iOx36ifuN0=
github.com/bennicholls/reximage v1.1.0 h1:rayZY4SZqlFA61FPTcaQPOSXH3Y8enC1N6Liw1xrW7E=
github.com/bennicholls/reximage v1.1.0/go.mod h1:l3G3bA+Hz03QFl2b2TF9wF1OPcmD6nNRkyTCbIlGaC8=
github.com/bennicholls/reximage v1.1.1 h1:VjnOMNTKtEpb9vbAWeyUsgtY270j/CrdQHD5iVzyqE4=
github.com/bennicholls/reximage v1.1.1/go.mod h1:l3G3bA+Hz03QFl2b2TF9wF1OPcmD6nNRkyTCbIlGaC8=
github.com/veandco/go-sdl2 v0.4.40 h1:fZv6wC3zz1Xt167P09gazawnpa0KY5LM7JAvKpX9d/U=
github.com/veandco/go-sdl2 v0.4.40/go.mod h1:OROqMhHD43nT4/i9crJukyVecjPNYYuCofep6SNiAjY=
golang.org/x/exp v0.0.0-20250228200357-dead58393ab7 h1:aWwlzYV971S4BXRS9AmqwDLAD85ouC6X+pocatKY58c=
golang.org/x/exp v0.0.0-20250228200357-dead58393ab7/go.mod h1:BHOTPb3L19zxehTsLoJXVaTktb06DFgmdW6Wb9s8jqk=
golang.org/x/exp v0.0.0-20250305212735-054e65f0b394 h1:nDVHiLt8aIbd/VzvPWN6kSOPE7+F/fNFDSXLVYkE/Iw=
golang.org/x/exp v0.0.0-20250305212735-054e65f0b394/go.mod h1:sIifuuw/Yco/y6yb6+bDNfyeQ/MdPUy/hKEMYQV17cM=
