github.com/bennicholls/reximage v1.0.0 h1:mUxpn3kgV9O3z75skhyNsba+YIkyC96BYaiTOmjYcSU=
github.com/bennicholls/reximage v1.0.0/go.mod h1:DTMD6S0BZNH9fpI1VGG+cNQF3j1bdjXE1iOx36ifuN0=
github.com/veandco/go-sdl2 v0.4.40 h1:fZv6wC3zz1Xt167P09gazawnpa0KY5LM7JAvKpX9d/U=
github.com/veandco/go-sdl2 v0.4.40/go.mod h1:OROqMhHD43nT4/i9crJukyVecjPNYYuCofep6SNiAjY=
golang.org/x/exp v0.0.0-20250228200357-dead58393ab7 h1:aWwlzYV971S4BXRS9AmqwDLAD85ouC6X+pocatKY58c=
golang.org/x/exp v0.0.0-20250228200357-dead58393ab7/go.mod h1:BHOTPb3L19zxehTsLoJXVaTktb06DFgmdW6Wb9s8jqk=
